# This file is autogenerated, do not edit; changes may be undone by the next 'dep ensure'.


[[projects]]
  digest = "1:f83d740263b44fdeef3e1bce6147b5d7283fcad1a693d39639be33993ecf3db1"
  name = "github.com/gogo/protobuf"
  packages = [
    "proto",
    "sortkeys",
  ]
  pruneopts = "UT"
  revision = "c0656edd0d9eab7c66d1eb0c568f9039345796f7"

[[projects]]
  digest = "1:2edd2416f89b4e841df0e4a78802ce14d2bc7ad79eba1a45986e39f0f8cb7d87"
  name = "github.com/golang/glog"
  packages = ["."]
  pruneopts = "UT"
  revision = "44145f04b68cf362d9c4df2182967c2275eaefed"

[[projects]]
  digest = "1:41bfd4219241b7f7d6e6fdb13fc712576f1337e68e6b895136283b76928fdd66"
  name = "github.com/google/gofuzz"
  packages = ["."]
  pruneopts = "UT"
  revision = "44d81051d367757e1c7c6a5a86423ece9afcf63c"

[[projects]]
  branch = "master"
  digest = "1:dd6b66198fd168234255d9e924cf6130288389a99cedfd47852f1e3bb049dd26"
  name = "github.com/quintilesims/auth0"
  packages = ["."]
  pruneopts = "UT"
  revision = "03e792eb9918eca65420d18ecd4d59709647c728"

[[projects]]
  digest = "1:0e792eea6c96ec55ff302ef33886acbaa5006e900fefe82689e88d96439dcd84"
  name = "github.com/ryanuber/go-glob"
  packages = ["."]
  pruneopts = "UT"
  revision = "572520ed46dbddaed19ea3d9541bdd0494163693"
  version = "v0.1"

[[projects]]
  branch = "master"
  digest = "1:f099f01404787f3d89257d3dd7fbea0c8da7bd9fd3ff9ae9d8bf80c56523b125"
  name = "github.com/unrolled/render"
  packages = ["."]
  pruneopts = "UT"
  revision = "4206df6ff70175d219fdb4672ae157fbed820103"

[[projects]]
  digest = "1:b24d38b282bacf9791408a080f606370efa3d364e4b5fd9ba0f7b87786d3b679"
  name = "github.com/urfave/cli"
  packages = ["."]
  pruneopts = "UT"
  revision = "cfb38830724cc34fedffe9a2a29fb54fa9169cd1"
  version = "v1.20.0"

[[projects]]
  branch = "master"
  digest = "1:7cc4f7e0a87625f368787638ff191d630236e593e8e3b989abeb27c096eddd2d"
  name = "github.com/zpatrick/helpers"
  packages = ["."]
  pruneopts = "UT"
  revision = "73ba3a5ed609423267437c554defb36cfe7275d9"

[[projects]]
  branch = "master"
  digest = "1:3656b4ed7e9b854a4de46d458aa04c622e16f0f4cc909faba906f5e4a223f3f2"
  name = "github.com/zpatrick/rclient"
  packages = ["."]
  pruneopts = "UT"
  revision = "9beeebe8a6ae76b178a912f34e7394d9add8b781"

[[projects]]
  branch = "master"
  digest = "1:51003e89789a2f2618c9893218df7a8c84fbe333d11551fda24fe845e2fbc554"
  name = "github.com/zpatrick/router"
  packages = ["."]
  pruneopts = "UT"
  revision = "c34d1fa6c80162750539de718c6d49bd5486ca6b"

[[projects]]
  branch = "master"
  digest = "1:ccea20dff137b38e24a82ef89718308b87363c49e84a67c7e5c38a4a8759f768"
  name = "github.com/zpatrick/rye"
  packages = ["."]
  pruneopts = "UT"
  revision = "0b1b98cc6f08eb3a67cb9e42c561e6388f3ce807"

[[projects]]
  digest = "1:51168244381231fe91816c4cd7769902076dcc9c6506aa277bafeb07ea097b74"
  name = "golang.org/x/net"
  packages = [
    "http2",
    "http2/hpack",
    "idna",
    "lex/httplex",
  ]
  pruneopts = "UT"
  revision = "1c05540f6879653db88113bc4a2b70aec4bd491f"

[[projects]]
  digest = "1:a2ab62866c75542dd18d2b069fec854577a20211d7c0ea6ae746072a1dccdd18"
  name = "golang.org/x/text"
  packages = [
    "collate",
    "collate/build",
    "internal/colltab",
    "internal/gen",
    "internal/tag",
    "internal/triegen",
    "internal/ucd",
    "language",
    "secure/bidirule",
    "transform",
    "unicode/bidi",
    "unicode/cldr",
    "unicode/norm",
    "unicode/rangetable",
  ]
  pruneopts = "UT"
  revision = "f21a4dfb5e38f5895301dc265a8def02365cc3d0"
  version = "v0.3.0"

[[projects]]
  digest = "1:ef72505cf098abdd34efeea032103377bec06abb61d8a06f002d5d296a4b1185"
  name = "gopkg.in/inf.v0"
  packages = ["."]
  pruneopts = "UT"
  revision = "3887ee99ecf07df5b447e9b00d9c0b2adaa9f3e4"
  version = "v0.9.0"

[[projects]]
  branch = "master"
  digest = "1:3dfbf99d2da025d228e73c5e89b8aaff3d9285ac12a1e75adc4d14ab1edec21e"
  name = "k8s.io/api"
  packages = ["authentication/v1"]
  pruneopts = "UT"
  revision = "49f236fe119e127d67dec93a9d41ae1c5ed5079e"

[[projects]]
  branch = "master"
  digest = "1:01926916f6f34e7cc6230e36e66f9690013adcfd32755aebf03ceb91f9c16864"
  name = "k8s.io/apimachinery"
  packages = [
    "pkg/api/resource",
    "pkg/apis/meta/v1",
    "pkg/conversion",
    "pkg/conversion/queryparams",
    "pkg/fields",
    "pkg/labels",
    "pkg/runtime",
    "pkg/runtime/schema",
    "pkg/selection",
    "pkg/types",
    "pkg/util/errors",
    "pkg/util/intstr",
    "pkg/util/json",
    "pkg/util/naming",
    "pkg/util/net",
    "pkg/util/runtime",
    "pkg/util/sets",
    "pkg/util/validation",
    "pkg/util/validation/field",
    "pkg/watch",
    "third_party/forked/golang/reflect",
  ]
  pruneopts = "UT"
  revision = "0dbe21f815eb26c3e48873dbc609191001553a3c"

[solve-meta]
  analyzer-name = "dep"
  analyzer-version = 1
  input-imports = [
    "github.com/quintilesims/auth0",
    "github.com/unrolled/render",
    "github.com/urfave/cli",
    "github.com/zpatrick/helpers",
    "github.com/zpatrick/router",
    "github.com/zpatrick/rye",
    "k8s.io/api/authentication/v1",
    "k8s.io/apimachinery/pkg/apis/meta/v1",
  ]
  solver-name = "gps-cdcl"
  solver-version = 1
